
Microsoft Visual Studio Solution File, Format Version 12.00
# Visual Studio 15
VisualStudioVersion = 15.0.27703.2000
MinimumVisualStudioVersion = 10.0.40219.1
Project("{9A19103F-16F7-4668-BE54-9A1E7A4F7556}") = "MLRegressionExample", "MLRegressionExample\MLRegressionExample.csproj", "{5CB049AD-BC53-4F17-98B0-3ECE3E4CAF36}"
EndProject
Project("{9A19103F-16F7-4668-BE54-9A1E7A4F7556}") = "MLClassificationExample", "MLClassificationExample\MLClassificationExample.csproj", "{1BA2A252-BE1A-4A70-B405-B70FE974A4B3}"
EndProject
Project("{6EC3EE1D-3C4E-46DD-8F32-0CC8E7565705}") = "MLClassificationExampleFS", "MLClassificationExamlpeFS\MLClassificationExampleFS.fsproj", "{B40E4633-AF5C-4513-9BF0-2CC3B980A7BF}"
EndProject
Global
	GlobalSection(SolutionConfigurationPlatforms) = preSolution
		Debug|Any CPU = Debug|Any CPU
		Release|Any CPU = Release|Any CPU
	EndGlobalSection
	GlobalSection(ProjectConfigurationPlatforms) = postSolution
		{5CB049AD-BC53-4F17-98B0-3ECE3E4CAF36}.Debug|Any CPU.ActiveCfg = Debug|Any CPU
		{5CB049AD-BC53-4F17-98B0-3ECE3E4CAF36}.Debug|Any CPU.Build.0 = Debug|Any CPU
		{5CB049AD-BC53-4F17-98B0-3ECE3E4CAF36}.Release|Any CPU.ActiveCfg = Release|Any CPU
		{5CB049AD-BC53-4F17-98B0-3ECE3E4CAF36}.Release|Any CPU.Build.0 = Release|Any CPU
		{1BA2A252-BE1A-4A70-B405-B70FE974A4B3}.Debug|Any CPU.ActiveCfg = Debug|Any CPU
		{1BA2A252-BE1A-4A70-B405-B70FE974A4B3}.Debug|Any CPU.Build.0 = Debug|Any CPU
		{1BA2A252-BE1A-4A70-B405-B70FE974A4B3}.Release|Any CPU.ActiveCfg = Release|Any CPU
		{1BA2A252-BE1A-4A70-B405-B70FE974A4B3}.Release|Any CPU.Build.0 = Release|Any CPU
		{B40E4633-AF5C-4513-9BF0-2CC3B980A7BF}.Debug|Any CPU.ActiveCfg = Debug|Any CPU
		{B40E4633-AF5C-4513-9BF0-2CC3B980A7BF}.Debug|Any CPU.Build.0 = Debug|Any CPU
		{B40E4633-AF5C-4513-9BF0-2CC3B980A7BF}.Release|Any CPU.ActiveCfg = Release|Any CPU
		{B40E4633-AF5C-4513-9BF0-2CC3B980A7BF}.Release|Any CPU.Build.0 = Release|Any CPU
	EndGlobalSection
	GlobalSection(SolutionProperties) = preSolution
		HideSolutionNode = FALSE
	EndGlobalSection
	GlobalSection(ExtensibilityGlobals) = postSolution
		SolutionGuid = {5845EB9B-0320-486B-838B-5A97DEF9E045}
	EndGlobalSection
EndGlobal
